Microsoft Visual Studio Solution File, Format Version 12.00
# Visual Studio Version 16
VisualStudioVersion = 16.0.29613.14
MinimumVisualStudioVersion = 15.0
Project("{9A19103F-16F7-4668-BE54-9A1E7A4F7556}") = "Oxide.SevenDaysToDie", "src\Oxide.SevenDaysToDie.csproj", "{6A987A21-D407-41C6-AD9F-E5D3DF22D617}"
EndProject
Global
	GlobalSection(SolutionConfigurationPlatforms) = preSolution
		Debug|Any CPU = Debug|Any CPU
		Release|Any CPU = Release|Any CPU
	EndGlobalSection
	GlobalSection(ProjectConfigurationPlatforms) = postSolution
		{6A987A21-D407-41C6-AD9F-E5D3DF22D617}.Debug|Any CPU.ActiveCfg = Debug|Any CPU
		{6A987A21-D407-41C6-AD9F-E5D3DF22D617}.Debug|Any CPU.Build.0 = Debug|Any CPU
		{6A987A21-D407-41C6-AD9F-E5D3DF22D617}.Release|Any CPU.ActiveCfg = Release|Any CPU
		{6A987A21-D407-41C6-AD9F-E5D3DF22D617}.Release|Any CPU.Build.0 = Release|Any CPU
	EndGlobalSection
	GlobalSection(SolutionProperties) = preSolution
		HideSolutionNode = FALSE
	EndGlobalSection
	GlobalSection(ExtensibilityGlobals) = postSolution
		SolutionGuid = {653F42E4-7C3C-4B03-987F-8DEC5B49B30D}
	EndGlobalSection
EndGlobal
